
Microsoft Visual Studio Solution File, Format Version 12.00
# Visual Studio Version 16
VisualStudioVersion = 16.0.28621.142
MinimumVisualStudioVersion = 10.0.40219.1
Project("{9A19103F-16F7-4668-BE54-9A1E7A4F7556}") = "fr_fake_business_register", "fr_fake_business_register.csproj", "{5D0023F7-A582-42FE-A9C7-5687970816CE}"
EndProject
Global
	GlobalSection(SolutionConfigurationPlatforms) = preSolution
		Debug|Any CPU = Debug|Any CPU
		Release|Any CPU = Release|Any CPU
	EndGlobalSection
	GlobalSection(ProjectConfigurationPlatforms) = postSolution
		{5D0023F7-A582-42FE-A9C7-5687970816CE}.Debug|Any CPU.ActiveCfg = Debug|Any CPU
		{5D0023F7-A582-42FE-A9C7-5687970816CE}.Debug|Any CPU.Build.0 = Debug|Any CPU
		{5D0023F7-A582-42FE-A9C7-5687970816CE}.Release|Any CPU.ActiveCfg = Release|Any CPU
		{5D0023F7-A582-42FE-A9C7-5687970816CE}.Release|Any CPU.Build.0 = Release|Any CPU
	EndGlobalSection
	GlobalSection(SolutionProperties) = preSolution
		HideSolutionNode = FALSE
	EndGlobalSection
	GlobalSection(ExtensibilityGlobals) = postSolution
		SolutionGuid = {247E8C0C-ABBD-4343-80B9-40FA4C105E03}
	EndGlobalSection
EndGlobal
